
Microsoft Visual Studio Solution File, Format Version 12.00
# Visual Studio Version 17
VisualStudioVersion = 17.3.32804.467
MinimumVisualStudioVersion = 10.0.40219.1
Project("{9A19103F-16F7-4668-BE54-9A1E7A4F7556}") = "P01ReverseStrings", "P00LabStacksAndQueues\P01ReverseStrings.csproj", "{1E989307-7323-412E-A079-CD1B80BE935E}"
EndProject
Project("{2150E333-8FDC-42A3-9474-1A3956D46DE8}") = "01StacksAndQueues - Lab", "01StacksAndQueues - Lab", "{52B11289-9402-4058-AF29-91E4E8FFEE10}"
EndProject
Project("{9A19103F-16F7-4668-BE54-9A1E7A4F7556}") = "P03DecimalToBinaryConverter", "P03DecimalToBinaryConverter\P03DecimalToBinaryConverter.csproj", "{A58F89C9-EEAE-4378-AE0C-3DA488AB4961}"
EndProject
Project("{9A19103F-16F7-4668-BE54-9A1E7A4F7556}") = "P04MatchingBrackets", "P04MatchingBrackets\P04MatchingBrackets.csproj", "{D981384E-674E-48A9-B19A-60AA0BB36D36}"
EndProject
Project("{9A19103F-16F7-4668-BE54-9A1E7A4F7556}") = "P05HotPotato", "P05HotPotato\P05HotPotato.csproj", "{09FA56F8-8EE2-4604-B0BC-619B9A3B6612}"
EndProject
Project("{9A19103F-16F7-4668-BE54-9A1E7A4F7556}") = "P06TrafficJam", "P06TrafficJam\P06TrafficJam.csproj", "{66C33EB8-75AF-486B-A4DD-C6E8311E4A7D}"
EndProject
Project("{2150E333-8FDC-42A3-9474-1A3956D46DE8}") = "02StacksAndQueues - Ex", "02StacksAndQueues - Ex", "{7EDD5F87-B4D5-4570-B9DD-9134C0CEB0DA}"
EndProject
Project("{9A19103F-16F7-4668-BE54-9A1E7A4F7556}") = "P01ReverseNumbers", "P01ReverseNumbers\P01ReverseNumbers.csproj", "{98896482-66FD-48F4-8D62-17963C2D0265}"
EndProject
Project("{9A19103F-16F7-4668-BE54-9A1E7A4F7556}") = "P05SequenceWithQueue", "P05SequenceWithQueue\P05SequenceWithQueue.csproj", "{7037C82B-B557-4F92-85D6-FE77243ACB3F}"
EndProject
Project("{9A19103F-16F7-4668-BE54-9A1E7A4F7556}") = "P06TruckTour", "P06TruckTour\P06TruckTour.csproj", "{F753A311-B9FD-43D5-8F2F-B1430055BC6F}"
EndProject
Project("{9A19103F-16F7-4668-BE54-9A1E7A4F7556}") = "P07BalancedParenthesis", "P07BalancedParenthesis\P07BalancedParenthesis.csproj", "{CFC98613-3C4E-4664-AE9A-C5CD56D3F963}"
EndProject
Project("{9A19103F-16F7-4668-BE54-9A1E7A4F7556}") = "P08StackFibonacci", "P08StackFibonacci\P08StackFibonacci.csproj", "{4B67EDF8-1984-40D0-AEDD-332D2462EC4E}"
EndProject
Project("{9A19103F-16F7-4668-BE54-9A1E7A4F7556}") = "P09SimpleTextEditor", "P09SimpleTextEditor\P09SimpleTextEditor.csproj", "{15ECFE5F-DA0B-48BC-B07A-5BB0ACD9C14E}"
EndProject
Project("{9A19103F-16F7-4668-BE54-9A1E7A4F7556}") = "P10PoisonousPlants", "P10PoisonousPlants\P10PoisonousPlants.csproj", "{75031C15-C3E5-4C3B-840F-4792C4B2DE76}"
EndProject
Project("{9A19103F-16F7-4668-BE54-9A1E7A4F7556}") = "P03MaximumElement", "P03MaximumElement\P03MaximumElement.csproj", "{728E2CFD-0909-4FF5-89A9-5700097DD61D}"
EndProject
Project("{9A19103F-16F7-4668-BE54-9A1E7A4F7556}") = "P02BasicStackOperations", "P02BasicStackOperations\P02BasicStackOperations.csproj", "{1E038EE0-7923-4A62-AB2D-63017032C0AB}"
EndProject
Project("{9A19103F-16F7-4668-BE54-9A1E7A4F7556}") = "P04BasicQueueOperations", "P04BasicQueueOperations\P04BasicQueueOperations.csproj", "{095BC527-7231-4AD1-8340-38C773EDDFBB}"
EndProject
Project("{2150E333-8FDC-42A3-9474-1A3956D46DE8}") = "03MultidimensionalArrays - Lab", "03MultidimensionalArrays - Lab", "{3BCC5A27-B069-49AC-9307-95BA5BE3575E}"
EndProject
Project("{9A19103F-16F7-4668-BE54-9A1E7A4F7556}") = "P00PrintingMatrix", "P00PrintingMatrix\P00PrintingMatrix.csproj", "{3F5F3583-BEB4-4D8D-B6D7-A7DE9987F5F6}"
EndProject
Project("{9A19103F-16F7-4668-BE54-9A1E7A4F7556}") = "P01SumMatrixElements", "P01SumMatrixElements\P01SumMatrixElements.csproj", "{082E5C1A-894E-4D5E-809B-E4988927F8E9}"
EndProject
Project("{9A19103F-16F7-4668-BE54-9A1E7A4F7556}") = "P02SumMatrixColumns", "P02SumMatrixColumns\P02SumMatrixColumns.csproj", "{1F769FD8-C90C-455B-9899-E1BBC97A1CC8}"
EndProject
Project("{9A19103F-16F7-4668-BE54-9A1E7A4F7556}") = "P05SquareWithMaximumSum", "P05SquareWithMaximumSum\P05SquareWithMaximumSum.csproj", "{19C8E364-6A88-4F3D-A118-44290A3DFC58}"
EndProject
Project("{9A19103F-16F7-4668-BE54-9A1E7A4F7556}") = "P06Jagged-ArrayModification", "P06Jagged-ArrayModification\P06Jagged-ArrayModification.csproj", "{744261A6-C44B-44CB-B160-E5565D11FEA9}"
EndProject
Project("{9A19103F-16F7-4668-BE54-9A1E7A4F7556}") = "P07GroupNumbers", "P07GroupNumbers\P07GroupNumbers.csproj", "{72E960D7-7BB7-409D-8E8D-7EC53B81D514}"
EndProject
Project("{9A19103F-16F7-4668-BE54-9A1E7A4F7556}") = "P08PascalTriangle", "P08PascalTriangle\P08PascalTriangle.csproj", "{588FD71C-2DB7-478D-BD38-DE2F17641F10}"
EndProject
Project("{9A19103F-16F7-4668-BE54-9A1E7A4F7556}") = "P03PrimaryDiagonal", "P03PrimaryDiagonal\P03PrimaryDiagonal.csproj", "{26B1A392-42A7-4647-B85D-30B7C4D700EC}"
EndProject
Project("{9A19103F-16F7-4668-BE54-9A1E7A4F7556}") = "P04SymbolInMatrix", "P04SymbolInMatrix\P04SymbolInMatrix.csproj", "{6B682F3C-3D08-4AAF-A83A-45005F4FC320}"
EndProject
Project("{2150E333-8FDC-42A3-9474-1A3956D46DE8}") = "04MultidimensionalArrays - Ex", "04MultidimensionalArrays - Ex", "{408C5AD6-F536-4DD0-B6BA-08C451A981FC}"
EndProject
Project("{9A19103F-16F7-4668-BE54-9A1E7A4F7556}") = "P01MatrixOfPalindromes", "P01MatrixOfPalindromes\P01MatrixOfPalindromes.csproj", "{D38F87D1-7E69-4D64-BB1C-54FA929C45A1}"
EndProject
Project("{9A19103F-16F7-4668-BE54-9A1E7A4F7556}") = "P05RubiksMatrix", "P05RubiksMatrix\P05RubiksMatrix.csproj", "{0817EAAB-41ED-412A-84FD-B64A1022F1FF}"
EndProject
Project("{9A19103F-16F7-4668-BE54-9A1E7A4F7556}") = "P06TargetPractice", "P06TargetPractice\P06TargetPractice.csproj", "{3A6AC68E-9C7A-4429-A931-6E11AEDA1CA9}"
EndProject
Project("{9A19103F-16F7-4668-BE54-9A1E7A4F7556}") = "P02DiagonalDifference", "P02DiagonalDifference\P02DiagonalDifference.csproj", "{E38B5711-1373-4D26-9B07-E38493D15D87}"
EndProject
Project("{9A19103F-16F7-4668-BE54-9A1E7A4F7556}") = "P03SquaresInMatrix", "P03SquaresInMatrix\P03SquaresInMatrix.csproj", "{6BA3E96B-8D55-4B0D-8852-079A05FC73E0}"
EndProject
Project("{9A19103F-16F7-4668-BE54-9A1E7A4F7556}") = "P04MaximalSum", "P04MaximalSum\P04MaximalSum.csproj", "{442CB707-721B-45A8-880D-883B536C572F}"
EndProject
Project("{9A19103F-16F7-4668-BE54-9A1E7A4F7556}") = "P00Exercises", "P00Exercises\P00Exercises.csproj", "{9AD2AB6D-95F3-4917-A29C-EC34D4B76185}"
EndProject
Project("{2150E333-8FDC-42A3-9474-1A3956D46DE8}") = "05MultidimensionalArrays - MoreEx", "05MultidimensionalArrays - MoreEx", "{96F64C5E-4DA3-4143-8DE2-02E27EA1385B}"
EndProject
Project("{9A19103F-16F7-4668-BE54-9A1E7A4F7556}") = "P07LegoBlocks", "P07LegoBlocks\P07LegoBlocks.csproj", "{E3CF1BDC-94DD-4F9E-B293-2FB378ED25D1}"
EndProject
Project("{9A19103F-16F7-4668-BE54-9A1E7A4F7556}") = "P08RadioactiveBunnies", "P08RadioactiveBunnies\P08RadioactiveBunnies.csproj", "{2F1F48FE-6F2E-4E71-9432-5F4B4FC36967}"
EndProject
Project("{9A19103F-16F7-4668-BE54-9A1E7A4F7556}") = "P09Crossfire", "P09Crossfire\P09Crossfire.csproj", "{4825DDE4-0C80-409B-A9DC-35EDF77619C8}"
EndProject
Project("{9A19103F-16F7-4668-BE54-9A1E7A4F7556}") = "P10TheHeiganDance", "P10TheHeiganDance\P10TheHeiganDance.csproj", "{8F4F308E-71A2-45EB-84E6-A59BA6B0528F}"
EndProject
Project("{9A19103F-16F7-4668-BE54-9A1E7A4F7556}") = "P11ParkingSystem", "P11ParkingSystem\P11ParkingSystem.csproj", "{DAE1ACE5-01B2-442A-A991-ED9A2F88A1EC}"
EndProject
Project("{2150E333-8FDC-42A3-9474-1A3956D46DE8}") = "06Sets and Dictionaries - Lab", "06Sets and Dictionaries - Lab", "{C5A8C882-3180-4CE2-8A50-ACE753B72D91}"
EndProject
Project("{9A19103F-16F7-4668-BE54-9A1E7A4F7556}") = "P01CountSameValuesInArray", "P01CountSameValuesInArray\P01CountSameValuesInArray.csproj", "{BE959C24-FC2C-4A72-9FD3-B67046732BCA}"
EndProject
Project("{9A19103F-16F7-4668-BE54-9A1E7A4F7556}") = "P02AverageStudentGrades", "P02AverageStudentGrades\P02AverageStudentGrades.csproj", "{13ABF2FE-3F3E-4F64-B2EB-27C80F90A19D}"
EndProject
Project("{9A19103F-16F7-4668-BE54-9A1E7A4F7556}") = "P03ProductShop", "P03ProductShop\P03ProductShop.csproj", "{ABFDDFA3-C80F-4E05-8AF4-F3A77E01D8C2}"
EndProject
Project("{9A19103F-16F7-4668-BE54-9A1E7A4F7556}") = "P04CitiesByContinentAndCountry", "P04CitiesByContinentAndCountry\P04CitiesByContinentAndCountry.csproj", "{F18344ED-DDD9-492B-9E2A-119289E10BE9}"
EndProject
Project("{9A19103F-16F7-4668-BE54-9A1E7A4F7556}") = "P05RecordUniqueNames", "P05RecordUniqueNames\P05RecordUniqueNames.csproj", "{E7AA9F03-4632-41B8-AD80-DD14B60B7D6F}"
EndProject
Project("{9A19103F-16F7-4668-BE54-9A1E7A4F7556}") = "P06ParkingLot", "P06ParkingLot\P06ParkingLot.csproj", "{E2A4038C-EED7-4762-81D3-60ED43D774ED}"
EndProject
Project("{9A19103F-16F7-4668-BE54-9A1E7A4F7556}") = "P07SoftUniParty", "P07SoftUniParty\P07SoftUniParty.csproj", "{A482CD79-717F-48DD-8318-12F9A277C176}"
EndProject
Project("{2150E333-8FDC-42A3-9474-1A3956D46DE8}") = "07Sets and Dictionaries - Ex", "07Sets and Dictionaries - Ex", "{53A618F0-42B2-404E-99D3-93C9D4732126}"
EndProject
Project("{9A19103F-16F7-4668-BE54-9A1E7A4F7556}") = "P01UniqueUsernames", "P01UniqueUsernames\P01UniqueUsernames.csproj", "{996A2477-170A-4D01-B581-E2C510DBAF3D}"
EndProject
Project("{9A19103F-16F7-4668-BE54-9A1E7A4F7556}") = "P02SetsOfElements", "P02SetsOfElements\P02SetsOfElements.csproj", "{907CE934-C323-4B1C-BF9E-23A9932B2EB6}"
EndProject
Project("{9A19103F-16F7-4668-BE54-9A1E7A4F7556}") = "P03PeriodicTable", "P03PeriodicTable\P03PeriodicTable.csproj", "{16047741-87C3-4844-84E4-A16F4840EC6E}"
EndProject
Project("{9A19103F-16F7-4668-BE54-9A1E7A4F7556}") = "P02SimpleCalculator", "P02SimpleCalculator\P02SimpleCalculator.csproj", "{429361D9-A0B6-42C3-9C22-24AD2F440C1F}"
EndProject
Project("{9A19103F-16F7-4668-BE54-9A1E7A4F7556}") = "P04EvenTimes", "P04EvenTimes\P04EvenTimes.csproj", "{D96C7065-9912-484B-AEF2-494AA566DB62}"
EndProject
Project("{9A19103F-16F7-4668-BE54-9A1E7A4F7556}") = "P05CountSymbols", "P05CountSymbols\P05CountSymbols.csproj", "{D216F772-2847-4D1E-B4F9-D92C500FAA59}"
EndProject
Project("{9A19103F-16F7-4668-BE54-9A1E7A4F7556}") = "P06Wardrobe", "P06Wardrobe\P06Wardrobe.csproj", "{31D4888F-1AB9-4DFE-AB72-ED0B71E73311}"
EndProject
Project("{9A19103F-16F7-4668-BE54-9A1E7A4F7556}") = "P07TheVLogger", "P07TheVLogger\P07TheVLogger.csproj", "{EE9F6091-31BD-429D-BA8F-A223EAF9D0C1}"
EndProject
Project("{9A19103F-16F7-4668-BE54-9A1E7A4F7556}") = "P08Ranking", "P08Ranking\P08Ranking.csproj", "{8CFF170E-E910-47A1-9BF0-63D3ECAF19C3}"
EndProject
Project("{2150E333-8FDC-42A3-9474-1A3956D46DE8}") = "08Streams and Files - Lab", "08Streams and Files - Lab", "{2CF723EE-F7A0-4836-B300-CC65DCA013DC}"
EndProject
Project("{9A19103F-16F7-4668-BE54-9A1E7A4F7556}") = "P00Stream", "P00Stream\P00Stream.csproj", "{A42D9089-BA88-4BA7-82B4-F3094EDF10EC}"
EndProject
Project("{9A19103F-16F7-4668-BE54-9A1E7A4F7556}") = "P01ReverseText", "P01ReverseText\P01ReverseText.csproj", "{45142CDE-CC59-48B5-B230-ECD30CE5B2CC}"
EndProject
Project("{9A19103F-16F7-4668-BE54-9A1E7A4F7556}") = "P02SimpleTCPServer", "P02SimpleTCPServer\P02SimpleTCPServer.csproj", "{451FE6F5-B4FC-49E4-B5EA-1E77B4F37BDC}"
EndProject
Project("{2150E333-8FDC-42A3-9474-1A3956D46DE8}") = "09Streams and Files - Ex", "09Streams and Files - Ex", "{1FF2627F-C004-47EB-BCD4-5B14DE5DCE73}"
EndProject
Project("{9A19103F-16F7-4668-BE54-9A1E7A4F7556}") = "P08FullDirectoryTraversal", "P08FullDirectoryTraversal\P08FullDirectoryTraversal.csproj", "{03FDA280-9413-4097-90A7-22D1D2BDA4AD}"
EndProject
Project("{9A19103F-16F7-4668-BE54-9A1E7A4F7556}") = "P01OddLines", "P01OddLines\P01OddLines.csproj", "{0961D335-CFBB-4DA5-90E4-A8F405315261}"
EndProject
Project("{9A19103F-16F7-4668-BE54-9A1E7A4F7556}") = "P02LineNumbers", "P02LineNumbers\P02LineNumbers.csproj", "{8F1D06E1-DBA0-4AF9-976C-F2112568529D}"
EndProject
Project("{2150E333-8FDC-42A3-9474-1A3956D46DE8}") = "10Functional Programming - Lab", "10Functional Programming - Lab", "{81E1B2A9-AE6B-4BD1-A030-36D138433EB3}"
EndProject
Project("{9A19103F-16F7-4668-BE54-9A1E7A4F7556}") = "P01SortEvenNumbers", "P01SortEvenNumbers\P01SortEvenNumbers.csproj", "{C1F1AF3D-6BE1-4103-8B33-440917BCAEA4}"
EndProject
Project("{9A19103F-16F7-4668-BE54-9A1E7A4F7556}") = "P02SumNumbers", "P02SumNumbers\P02SumNumbers.csproj", "{F279AA52-D6A8-4299-8665-71B3B5DE35FA}"
EndProject
Project("{9A19103F-16F7-4668-BE54-9A1E7A4F7556}") = "P00Delegates", "P00Delegates\P00Delegates.csproj", "{B53FFC1E-F547-4C6D-AB4B-3617DD76CA43}"
EndProject
Project("{9A19103F-16F7-4668-BE54-9A1E7A4F7556}") = "P03CountUppercaseWords", "P03CountUppercaseWords\P03CountUppercaseWords.csproj", "{99D02672-4A2D-4557-913C-99CFDC35262F}"
EndProject
Project("{9A19103F-16F7-4668-BE54-9A1E7A4F7556}") = "P04AddVAT", "P04AddVAT\P04AddVAT.csproj", "{5794F592-A7DC-4E3B-8BB3-11FD5B2DD6C9}"
EndProject
Project("{9A19103F-16F7-4668-BE54-9A1E7A4F7556}") = "P05FilterByAge", "P05FilterByAge\P05FilterByAge.csproj", "{95B294BB-1457-48E1-BD6D-74106046FE97}"
EndProject
Project("{2150E333-8FDC-42A3-9474-1A3956D46DE8}") = "11Functional Programming - Ex", "11Functional Programming - Ex", "{276D897D-A21A-46B6-A942-E2F81D04F195}"
EndProject
Project("{9A19103F-16F7-4668-BE54-9A1E7A4F7556}") = "P01ActionPrint", "P01ActionPrint\P01ActionPrint.csproj", "{E946A3E5-C0B3-4903-AE81-A14DAD8FAE11}"
EndProject
Project("{9A19103F-16F7-4668-BE54-9A1E7A4F7556}") = "P02KnightsOfHonor", "P02KnightsOfHonor\P02KnightsOfHonor.csproj", "{3B72D9FC-A538-4940-A63D-BF7230997265}"
EndProject
Project("{9A19103F-16F7-4668-BE54-9A1E7A4F7556}") = "P05AppliedArithmetics", "P05AppliedArithmetics\P05AppliedArithmetics.csproj", "{A9C762DF-D80A-4F70-81B6-A80BAE3ACAFE}"
EndProject
Project("{9A19103F-16F7-4668-BE54-9A1E7A4F7556}") = "P06ReverseAndExclude", "P06ReverseAndExclude\P06ReverseAndExclude.csproj", "{2E017195-B024-4C76-B5DD-FBE86B0BFBB4}"
EndProject
Project("{9A19103F-16F7-4668-BE54-9A1E7A4F7556}") = "P08CustomComparator", "P08CustomComparator\P08CustomComparator.csproj", "{8F396A83-8AC8-410F-AD7A-38B4305FC3C2}"
EndProject
Project("{9A19103F-16F7-4668-BE54-9A1E7A4F7556}") = "P10PredicateParty", "P10PredicateParty\P10PredicateParty.csproj", "{0F454859-84F4-47E3-A37B-7BAFEF9B8056}"
EndProject
Project("{9A19103F-16F7-4668-BE54-9A1E7A4F7556}") = "P12InfernoIII", "P12InfernoIII\P12InfernoIII.csproj", "{B9D9C8A8-19E1-496E-955F-CC932B58D8E0}"
EndProject
Project("{9A19103F-16F7-4668-BE54-9A1E7A4F7556}") = "P13TriFunction", "P13TriFunction\P13TriFunction.csproj", "{E73F3F41-F0B2-46B6-ABD6-18D0F031B654}"
EndProject
Project("{9A19103F-16F7-4668-BE54-9A1E7A4F7556}") = "P03CustomMinFunction", "P03CustomMinFunction\P03CustomMinFunction.csproj", "{A6FE8615-0B73-4B4D-93A2-4578ED06A6E9}"
EndProject
Project("{FAE04EC0-301F-11D3-BF4B-00C04F79EFBC}") = "P04FindEvensOrOdds", "P04FindEvensOrOdds\P04FindEvensOrOdds.csproj", "{26992AD9-6844-4EB3-AD3D-8F4CB181794F}"
EndProject
Project("{FAE04EC0-301F-11D3-BF4B-00C04F79EFBC}") = "P07PredicateForNames", "P07PredicateForNames\P07PredicateForNames.csproj", "{7BA75FA2-4B3E-4B67-8E42-D06D6CF7501D}"
EndProject
Project("{FAE04EC0-301F-11D3-BF4B-00C04F79EFBC}") = "P09ListOfPredicates", "P09ListOfPredicates\P09ListOfPredicates.csproj", "{A4B0D5AE-B41A-475C-A9BA-272824C3D3D0}"
EndProject
Global
	GlobalSection(SolutionConfigurationPlatforms) = preSolution
		Debug|Any CPU = Debug|Any CPU
		Release|Any CPU = Release|Any CPU
	EndGlobalSection
	GlobalSection(ProjectConfigurationPlatforms) = postSolution
		{1E989307-7323-412E-A079-CD1B80BE935E}.Debug|Any CPU.ActiveCfg = Debug|Any CPU
		{1E989307-7323-412E-A079-CD1B80BE935E}.Debug|Any CPU.Build.0 = Debug|Any CPU
		{1E989307-7323-412E-A079-CD1B80BE935E}.Release|Any CPU.ActiveCfg = Release|Any CPU
		{1E989307-7323-412E-A079-CD1B80BE935E}.Release|Any CPU.Build.0 = Release|Any CPU
		{A58F89C9-EEAE-4378-AE0C-3DA488AB4961}.Debug|Any CPU.ActiveCfg = Debug|Any CPU
		{A58F89C9-EEAE-4378-AE0C-3DA488AB4961}.Debug|Any CPU.Build.0 = Debug|Any CPU
		{A58F89C9-EEAE-4378-AE0C-3DA488AB4961}.Release|Any CPU.ActiveCfg = Release|Any CPU
		{A58F89C9-EEAE-4378-AE0C-3DA488AB4961}.Release|Any CPU.Build.0 = Release|Any CPU
		{D981384E-674E-48A9-B19A-60AA0BB36D36}.Debug|Any CPU.ActiveCfg = Debug|Any CPU
		{D981384E-674E-48A9-B19A-60AA0BB36D36}.Debug|Any CPU.Build.0 = Debug|Any CPU
		{D981384E-674E-48A9-B19A-60AA0BB36D36}.Release|Any CPU.ActiveCfg = Release|Any CPU
		{D981384E-674E-48A9-B19A-60AA0BB36D36}.Release|Any CPU.Build.0 = Release|Any CPU
		{09FA56F8-8EE2-4604-B0BC-619B9A3B6612}.Debug|Any CPU.ActiveCfg = Debug|Any CPU
		{09FA56F8-8EE2-4604-B0BC-619B9A3B6612}.Debug|Any CPU.Build.0 = Debug|Any CPU
		{09FA56F8-8EE2-4604-B0BC-619B9A3B6612}.Release|Any CPU.ActiveCfg = Release|Any CPU
		{09FA56F8-8EE2-4604-B0BC-619B9A3B6612}.Release|Any CPU.Build.0 = Release|Any CPU
		{66C33EB8-75AF-486B-A4DD-C6E8311E4A7D}.Debug|Any CPU.ActiveCfg = Debug|Any CPU
		{66C33EB8-75AF-486B-A4DD-C6E8311E4A7D}.Debug|Any CPU.Build.0 = Debug|Any CPU
		{66C33EB8-75AF-486B-A4DD-C6E8311E4A7D}.Release|Any CPU.ActiveCfg = Release|Any CPU
		{66C33EB8-75AF-486B-A4DD-C6E8311E4A7D}.Release|Any CPU.Build.0 = Release|Any CPU
		{98896482-66FD-48F4-8D62-17963C2D0265}.Debug|Any CPU.ActiveCfg = Debug|Any CPU
		{98896482-66FD-48F4-8D62-17963C2D0265}.Debug|Any CPU.Build.0 = Debug|Any CPU
		{98896482-66FD-48F4-8D62-17963C2D0265}.Release|Any CPU.ActiveCfg = Release|Any CPU
		{98896482-66FD-48F4-8D62-17963C2D0265}.Release|Any CPU.Build.0 = Release|Any CPU
		{7037C82B-B557-4F92-85D6-FE77243ACB3F}.Debug|Any CPU.ActiveCfg = Debug|Any CPU
		{7037C82B-B557-4F92-85D6-FE77243ACB3F}.Debug|Any CPU.Build.0 = Debug|Any CPU
		{7037C82B-B557-4F92-85D6-FE77243ACB3F}.Release|Any CPU.ActiveCfg = Release|Any CPU
		{7037C82B-B557-4F92-85D6-FE77243ACB3F}.Release|Any CPU.Build.0 = Release|Any CPU
		{F753A311-B9FD-43D5-8F2F-B1430055BC6F}.Debug|Any CPU.ActiveCfg = Debug|Any CPU
		{F753A311-B9FD-43D5-8F2F-B1430055BC6F}.Debug|Any CPU.Build.0 = Debug|Any CPU
		{F753A311-B9FD-43D5-8F2F-B1430055BC6F}.Release|Any CPU.ActiveCfg = Release|Any CPU
		{F753A311-B9FD-43D5-8F2F-B1430055BC6F}.Release|Any CPU.Build.0 = Release|Any CPU
		{CFC98613-3C4E-4664-AE9A-C5CD56D3F963}.Debug|Any CPU.ActiveCfg = Debug|Any CPU
		{CFC98613-3C4E-4664-AE9A-C5CD56D3F963}.Debug|Any CPU.Build.0 = Debug|Any CPU
		{CFC98613-3C4E-4664-AE9A-C5CD56D3F963}.Release|Any CPU.ActiveCfg = Release|Any CPU
		{CFC98613-3C4E-4664-AE9A-C5CD56D3F963}.Release|Any CPU.Build.0 = Release|Any CPU
		{4B67EDF8-1984-40D0-AEDD-332D2462EC4E}.Debug|Any CPU.ActiveCfg = Debug|Any CPU
		{4B67EDF8-1984-40D0-AEDD-332D2462EC4E}.Debug|Any CPU.Build.0 = Debug|Any CPU
		{4B67EDF8-1984-40D0-AEDD-332D2462EC4E}.Release|Any CPU.ActiveCfg = Release|Any CPU
		{4B67EDF8-1984-40D0-AEDD-332D2462EC4E}.Release|Any CPU.Build.0 = Release|Any CPU
		{15ECFE5F-DA0B-48BC-B07A-5BB0ACD9C14E}.Debug|Any CPU.ActiveCfg = Debug|Any CPU
		{15ECFE5F-DA0B-48BC-B07A-5BB0ACD9C14E}.Debug|Any CPU.Build.0 = Debug|Any CPU
		{15ECFE5F-DA0B-48BC-B07A-5BB0ACD9C14E}.Release|Any CPU.ActiveCfg = Release|Any CPU
		{15ECFE5F-DA0B-48BC-B07A-5BB0ACD9C14E}.Release|Any CPU.Build.0 = Release|Any CPU
		{75031C15-C3E5-4C3B-840F-4792C4B2DE76}.Debug|Any CPU.ActiveCfg = Debug|Any CPU
		{75031C15-C3E5-4C3B-840F-4792C4B2DE76}.Debug|Any CPU.Build.0 = Debug|Any CPU
		{75031C15-C3E5-4C3B-840F-4792C4B2DE76}.Release|Any CPU.ActiveCfg = Release|Any CPU
		{75031C15-C3E5-4C3B-840F-4792C4B2DE76}.Release|Any CPU.Build.0 = Release|Any CPU
		{728E2CFD-0909-4FF5-89A9-5700097DD61D}.Debug|Any CPU.ActiveCfg = Debug|Any CPU
		{728E2CFD-0909-4FF5-89A9-5700097DD61D}.Debug|Any CPU.Build.0 = Debug|Any CPU
		{728E2CFD-0909-4FF5-89A9-5700097DD61D}.Release|Any CPU.ActiveCfg = Release|Any CPU
		{728E2CFD-0909-4FF5-89A9-5700097DD61D}.Release|Any CPU.Build.0 = Release|Any CPU
		{1E038EE0-7923-4A62-AB2D-63017032C0AB}.Debug|Any CPU.ActiveCfg = Debug|Any CPU
		{1E038EE0-7923-4A62-AB2D-63017032C0AB}.Debug|Any CPU.Build.0 = Debug|Any CPU
		{1E038EE0-7923-4A62-AB2D-63017032C0AB}.Release|Any CPU.ActiveCfg = Release|Any CPU
		{1E038EE0-7923-4A62-AB2D-63017032C0AB}.Release|Any CPU.Build.0 = Release|Any CPU
		{095BC527-7231-4AD1-8340-38C773EDDFBB}.Debug|Any CPU.ActiveCfg = Debug|Any CPU
		{095BC527-7231-4AD1-8340-38C773EDDFBB}.Debug|Any CPU.Build.0 = Debug|Any CPU
		{095BC527-7231-4AD1-8340-38C773EDDFBB}.Release|Any CPU.ActiveCfg = Release|Any CPU
		{095BC527-7231-4AD1-8340-38C773EDDFBB}.Release|Any CPU.Build.0 = Release|Any CPU
		{3F5F3583-BEB4-4D8D-B6D7-A7DE9987F5F6}.Debug|Any CPU.ActiveCfg = Debug|Any CPU
		{3F5F3583-BEB4-4D8D-B6D7-A7DE9987F5F6}.Debug|Any CPU.Build.0 = Debug|Any CPU
		{3F5F3583-BEB4-4D8D-B6D7-A7DE9987F5F6}.Release|Any CPU.ActiveCfg = Release|Any CPU
		{3F5F3583-BEB4-4D8D-B6D7-A7DE9987F5F6}.Release|Any CPU.Build.0 = Release|Any CPU
		{082E5C1A-894E-4D5E-809B-E4988927F8E9}.Debug|Any CPU.ActiveCfg = Debug|Any CPU
		{082E5C1A-894E-4D5E-809B-E4988927F8E9}.Debug|Any CPU.Build.0 = Debug|Any CPU
		{082E5C1A-894E-4D5E-809B-E4988927F8E9}.Release|Any CPU.ActiveCfg = Release|Any CPU
		{082E5C1A-894E-4D5E-809B-E4988927F8E9}.Release|Any CPU.Build.0 = Release|Any CPU
		{1F769FD8-C90C-455B-9899-E1BBC97A1CC8}.Debug|Any CPU.ActiveCfg = Debug|Any CPU
		{1F769FD8-C90C-455B-9899-E1BBC97A1CC8}.Debug|Any CPU.Build.0 = Debug|Any CPU
		{1F769FD8-C90C-455B-9899-E1BBC97A1CC8}.Release|Any CPU.ActiveCfg = Release|Any CPU
		{1F769FD8-C90C-455B-9899-E1BBC97A1CC8}.Release|Any CPU.Build.0 = Release|Any CPU
		{19C8E364-6A88-4F3D-A118-44290A3DFC58}.Debug|Any CPU.ActiveCfg = Debug|Any CPU
		{19C8E364-6A88-4F3D-A118-44290A3DFC58}.Debug|Any CPU.Build.0 = Debug|Any CPU
		{19C8E364-6A88-4F3D-A118-44290A3DFC58}.Release|Any CPU.ActiveCfg = Release|Any CPU
		{19C8E364-6A88-4F3D-A118-44290A3DFC58}.Release|Any CPU.Build.0 = Release|Any CPU
		{744261A6-C44B-44CB-B160-E5565D11FEA9}.Debug|Any CPU.ActiveCfg = Debug|Any CPU
		{744261A6-C44B-44CB-B160-E5565D11FEA9}.Debug|Any CPU.Build.0 = Debug|Any CPU
		{744261A6-C44B-44CB-B160-E5565D11FEA9}.Release|Any CPU.ActiveCfg = Release|Any CPU
		{744261A6-C44B-44CB-B160-E5565D11FEA9}.Release|Any CPU.Build.0 = Release|Any CPU
		{72E960D7-7BB7-409D-8E8D-7EC53B81D514}.Debug|Any CPU.ActiveCfg = Debug|Any CPU
		{72E960D7-7BB7-409D-8E8D-7EC53B81D514}.Debug|Any CPU.Build.0 = Debug|Any CPU
		{72E960D7-7BB7-409D-8E8D-7EC53B81D514}.Release|Any CPU.ActiveCfg = Release|Any CPU
		{72E960D7-7BB7-409D-8E8D-7EC53B81D514}.Release|Any CPU.Build.0 = Release|Any CPU
		{588FD71C-2DB7-478D-BD38-DE2F17641F10}.Debug|Any CPU.ActiveCfg = Debug|Any CPU
		{588FD71C-2DB7-478D-BD38-DE2F17641F10}.Debug|Any CPU.Build.0 = Debug|Any CPU
		{588FD71C-2DB7-478D-BD38-DE2F17641F10}.Release|Any CPU.ActiveCfg = Release|Any CPU
		{588FD71C-2DB7-478D-BD38-DE2F17641F10}.Release|Any CPU.Build.0 = Release|Any CPU
		{26B1A392-42A7-4647-B85D-30B7C4D700EC}.Debug|Any CPU.ActiveCfg = Debug|Any CPU
		{26B1A392-42A7-4647-B85D-30B7C4D700EC}.Debug|Any CPU.Build.0 = Debug|Any CPU
		{26B1A392-42A7-4647-B85D-30B7C4D700EC}.Release|Any CPU.ActiveCfg = Release|Any CPU
		{26B1A392-42A7-4647-B85D-30B7C4D700EC}.Release|Any CPU.Build.0 = Release|Any CPU
		{6B682F3C-3D08-4AAF-A83A-45005F4FC320}.Debug|Any CPU.ActiveCfg = Debug|Any CPU
		{6B682F3C-3D08-4AAF-A83A-45005F4FC320}.Debug|Any CPU.Build.0 = Debug|Any CPU
		{6B682F3C-3D08-4AAF-A83A-45005F4FC320}.Release|Any CPU.ActiveCfg = Release|Any CPU
		{6B682F3C-3D08-4AAF-A83A-45005F4FC320}.Release|Any CPU.Build.0 = Release|Any CPU
		{D38F87D1-7E69-4D64-BB1C-54FA929C45A1}.Debug|Any CPU.ActiveCfg = Debug|Any CPU
		{D38F87D1-7E69-4D64-BB1C-54FA929C45A1}.Debug|Any CPU.Build.0 = Debug|Any CPU
		{D38F87D1-7E69-4D64-BB1C-54FA929C45A1}.Release|Any CPU.ActiveCfg = Release|Any CPU
		{D38F87D1-7E69-4D64-BB1C-54FA929C45A1}.Release|Any CPU.Build.0 = Release|Any CPU
		{0817EAAB-41ED-412A-84FD-B64A1022F1FF}.Debug|Any CPU.ActiveCfg = Debug|Any CPU
		{0817EAAB-41ED-412A-84FD-B64A1022F1FF}.Debug|Any CPU.Build.0 = Debug|Any CPU
		{0817EAAB-41ED-412A-84FD-B64A1022F1FF}.Release|Any CPU.ActiveCfg = Release|Any CPU
		{0817EAAB-41ED-412A-84FD-B64A1022F1FF}.Release|Any CPU.Build.0 = Release|Any CPU
		{3A6AC68E-9C7A-4429-A931-6E11AEDA1CA9}.Debug|Any CPU.ActiveCfg = Debug|Any CPU
		{3A6AC68E-9C7A-4429-A931-6E11AEDA1CA9}.Debug|Any CPU.Build.0 = Debug|Any CPU
		{3A6AC68E-9C7A-4429-A931-6E11AEDA1CA9}.Release|Any CPU.ActiveCfg = Release|Any CPU
		{3A6AC68E-9C7A-4429-A931-6E11AEDA1CA9}.Release|Any CPU.Build.0 = Release|Any CPU
		{E38B5711-1373-4D26-9B07-E38493D15D87}.Debug|Any CPU.ActiveCfg = Debug|Any CPU
		{E38B5711-1373-4D26-9B07-E38493D15D87}.Debug|Any CPU.Build.0 = Debug|Any CPU
		{E38B5711-1373-4D26-9B07-E38493D15D87}.Release|Any CPU.ActiveCfg = Release|Any CPU
		{E38B5711-1373-4D26-9B07-E38493D15D87}.Release|Any CPU.Build.0 = Release|Any CPU
		{6BA3E96B-8D55-4B0D-8852-079A05FC73E0}.Debug|Any CPU.ActiveCfg = Debug|Any CPU
		{6BA3E96B-8D55-4B0D-8852-079A05FC73E0}.Debug|Any CPU.Build.0 = Debug|Any CPU
		{6BA3E96B-8D55-4B0D-8852-079A05FC73E0}.Release|Any CPU.ActiveCfg = Release|Any CPU
		{6BA3E96B-8D55-4B0D-8852-079A05FC73E0}.Release|Any CPU.Build.0 = Release|Any CPU
		{442CB707-721B-45A8-880D-883B536C572F}.Debug|Any CPU.ActiveCfg = Debug|Any CPU
		{442CB707-721B-45A8-880D-883B536C572F}.Debug|Any CPU.Build.0 = Debug|Any CPU
		{442CB707-721B-45A8-880D-883B536C572F}.Release|Any CPU.ActiveCfg = Release|Any CPU
		{442CB707-721B-45A8-880D-883B536C572F}.Release|Any CPU.Build.0 = Release|Any CPU
		{9AD2AB6D-95F3-4917-A29C-EC34D4B76185}.Debug|Any CPU.ActiveCfg = Debug|Any CPU
		{9AD2AB6D-95F3-4917-A29C-EC34D4B76185}.Debug|Any CPU.Build.0 = Debug|Any CPU
		{9AD2AB6D-95F3-4917-A29C-EC34D4B76185}.Release|Any CPU.ActiveCfg = Release|Any CPU
		{9AD2AB6D-95F3-4917-A29C-EC34D4B76185}.Release|Any CPU.Build.0 = Release|Any CPU
		{E3CF1BDC-94DD-4F9E-B293-2FB378ED25D1}.Debug|Any CPU.ActiveCfg = Debug|Any CPU
		{E3CF1BDC-94DD-4F9E-B293-2FB378ED25D1}.Debug|Any CPU.Build.0 = Debug|Any CPU
		{E3CF1BDC-94DD-4F9E-B293-2FB378ED25D1}.Release|Any CPU.ActiveCfg = Release|Any CPU
		{E3CF1BDC-94DD-4F9E-B293-2FB378ED25D1}.Release|Any CPU.Build.0 = Release|Any CPU
		{2F1F48FE-6F2E-4E71-9432-5F4B4FC36967}.Debug|Any CPU.ActiveCfg = Debug|Any CPU
		{2F1F48FE-6F2E-4E71-9432-5F4B4FC36967}.Debug|Any CPU.Build.0 = Debug|Any CPU
		{2F1F48FE-6F2E-4E71-9432-5F4B4FC36967}.Release|Any CPU.ActiveCfg = Release|Any CPU
		{2F1F48FE-6F2E-4E71-9432-5F4B4FC36967}.Release|Any CPU.Build.0 = Release|Any CPU
		{4825DDE4-0C80-409B-A9DC-35EDF77619C8}.Debug|Any CPU.ActiveCfg = Debug|Any CPU
		{4825DDE4-0C80-409B-A9DC-35EDF77619C8}.Debug|Any CPU.Build.0 = Debug|Any CPU
		{4825DDE4-0C80-409B-A9DC-35EDF77619C8}.Release|Any CPU.ActiveCfg = Release|Any CPU
		{4825DDE4-0C80-409B-A9DC-35EDF77619C8}.Release|Any CPU.Build.0 = Release|Any CPU
		{8F4F308E-71A2-45EB-84E6-A59BA6B0528F}.Debug|Any CPU.ActiveCfg = Debug|Any CPU
		{8F4F308E-71A2-45EB-84E6-A59BA6B0528F}.Debug|Any CPU.Build.0 = Debug|Any CPU
		{8F4F308E-71A2-45EB-84E6-A59BA6B0528F}.Release|Any CPU.ActiveCfg = Release|Any CPU
		{8F4F308E-71A2-45EB-84E6-A59BA6B0528F}.Release|Any CPU.Build.0 = Release|Any CPU
		{DAE1ACE5-01B2-442A-A991-ED9A2F88A1EC}.Debug|Any CPU.ActiveCfg = Debug|Any CPU
		{DAE1ACE5-01B2-442A-A991-ED9A2F88A1EC}.Debug|Any CPU.Build.0 = Debug|Any CPU
		{DAE1ACE5-01B2-442A-A991-ED9A2F88A1EC}.Release|Any CPU.ActiveCfg = Release|Any CPU
		{DAE1ACE5-01B2-442A-A991-ED9A2F88A1EC}.Release|Any CPU.Build.0 = Release|Any CPU
		{BE959C24-FC2C-4A72-9FD3-B67046732BCA}.Debug|Any CPU.ActiveCfg = Debug|Any CPU
		{BE959C24-FC2C-4A72-9FD3-B67046732BCA}.Debug|Any CPU.Build.0 = Debug|Any CPU
		{BE959C24-FC2C-4A72-9FD3-B67046732BCA}.Release|Any CPU.ActiveCfg = Release|Any CPU
		{BE959C24-FC2C-4A72-9FD3-B67046732BCA}.Release|Any CPU.Build.0 = Release|Any CPU
		{13ABF2FE-3F3E-4F64-B2EB-27C80F90A19D}.Debug|Any CPU.ActiveCfg = Debug|Any CPU
		{13ABF2FE-3F3E-4F64-B2EB-27C80F90A19D}.Debug|Any CPU.Build.0 = Debug|Any CPU
		{13ABF2FE-3F3E-4F64-B2EB-27C80F90A19D}.Release|Any CPU.ActiveCfg = Release|Any CPU
		{13ABF2FE-3F3E-4F64-B2EB-27C80F90A19D}.Release|Any CPU.Build.0 = Release|Any CPU
		{ABFDDFA3-C80F-4E05-8AF4-F3A77E01D8C2}.Debug|Any CPU.ActiveCfg = Debug|Any CPU
		{ABFDDFA3-C80F-4E05-8AF4-F3A77E01D8C2}.Debug|Any CPU.Build.0 = Debug|Any CPU
		{ABFDDFA3-C80F-4E05-8AF4-F3A77E01D8C2}.Release|Any CPU.ActiveCfg = Release|Any CPU
		{ABFDDFA3-C80F-4E05-8AF4-F3A77E01D8C2}.Release|Any CPU.Build.0 = Release|Any CPU
		{F18344ED-DDD9-492B-9E2A-119289E10BE9}.Debug|Any CPU.ActiveCfg = Debug|Any CPU
		{F18344ED-DDD9-492B-9E2A-119289E10BE9}.Debug|Any CPU.Build.0 = Debug|Any CPU
		{F18344ED-DDD9-492B-9E2A-119289E10BE9}.Release|Any CPU.ActiveCfg = Release|Any CPU
		{F18344ED-DDD9-492B-9E2A-119289E10BE9}.Release|Any CPU.Build.0 = Release|Any CPU
		{E7AA9F03-4632-41B8-AD80-DD14B60B7D6F}.Debug|Any CPU.ActiveCfg = Debug|Any CPU
		{E7AA9F03-4632-41B8-AD80-DD14B60B7D6F}.Debug|Any CPU.Build.0 = Debug|Any CPU
		{E7AA9F03-4632-41B8-AD80-DD14B60B7D6F}.Release|Any CPU.ActiveCfg = Release|Any CPU
		{E7AA9F03-4632-41B8-AD80-DD14B60B7D6F}.Release|Any CPU.Build.0 = Release|Any CPU
		{E2A4038C-EED7-4762-81D3-60ED43D774ED}.Debug|Any CPU.ActiveCfg = Debug|Any CPU
		{E2A4038C-EED7-4762-81D3-60ED43D774ED}.Debug|Any CPU.Build.0 = Debug|Any CPU
		{E2A4038C-EED7-4762-81D3-60ED43D774ED}.Release|Any CPU.ActiveCfg = Release|Any CPU
		{E2A4038C-EED7-4762-81D3-60ED43D774ED}.Release|Any CPU.Build.0 = Release|Any CPU
		{A482CD79-717F-48DD-8318-12F9A277C176}.Debug|Any CPU.ActiveCfg = Debug|Any CPU
		{A482CD79-717F-48DD-8318-12F9A277C176}.Debug|Any CPU.Build.0 = Debug|Any CPU
		{A482CD79-717F-48DD-8318-12F9A277C176}.Release|Any CPU.ActiveCfg = Release|Any CPU
		{A482CD79-717F-48DD-8318-12F9A277C176}.Release|Any CPU.Build.0 = Release|Any CPU
		{996A2477-170A-4D01-B581-E2C510DBAF3D}.Debug|Any CPU.ActiveCfg = Debug|Any CPU
		{996A2477-170A-4D01-B581-E2C510DBAF3D}.Debug|Any CPU.Build.0 = Debug|Any CPU
		{996A2477-170A-4D01-B581-E2C510DBAF3D}.Release|Any CPU.ActiveCfg = Release|Any CPU
		{996A2477-170A-4D01-B581-E2C510DBAF3D}.Release|Any CPU.Build.0 = Release|Any CPU
		{907CE934-C323-4B1C-BF9E-23A9932B2EB6}.Debug|Any CPU.ActiveCfg = Debug|Any CPU
		{907CE934-C323-4B1C-BF9E-23A9932B2EB6}.Debug|Any CPU.Build.0 = Debug|Any CPU
		{907CE934-C323-4B1C-BF9E-23A9932B2EB6}.Release|Any CPU.ActiveCfg = Release|Any CPU
		{907CE934-C323-4B1C-BF9E-23A9932B2EB6}.Release|Any CPU.Build.0 = Release|Any CPU
		{16047741-87C3-4844-84E4-A16F4840EC6E}.Debug|Any CPU.ActiveCfg = Debug|Any CPU
		{16047741-87C3-4844-84E4-A16F4840EC6E}.Debug|Any CPU.Build.0 = Debug|Any CPU
		{16047741-87C3-4844-84E4-A16F4840EC6E}.Release|Any CPU.ActiveCfg = Release|Any CPU
		{16047741-87C3-4844-84E4-A16F4840EC6E}.Release|Any CPU.Build.0 = Release|Any CPU
		{429361D9-A0B6-42C3-9C22-24AD2F440C1F}.Debug|Any CPU.ActiveCfg = Debug|Any CPU
		{429361D9-A0B6-42C3-9C22-24AD2F440C1F}.Debug|Any CPU.Build.0 = Debug|Any CPU
		{429361D9-A0B6-42C3-9C22-24AD2F440C1F}.Release|Any CPU.ActiveCfg = Release|Any CPU
		{429361D9-A0B6-42C3-9C22-24AD2F440C1F}.Release|Any CPU.Build.0 = Release|Any CPU
		{D96C7065-9912-484B-AEF2-494AA566DB62}.Debug|Any CPU.ActiveCfg = Debug|Any CPU
		{D96C7065-9912-484B-AEF2-494AA566DB62}.Debug|Any CPU.Build.0 = Debug|Any CPU
		{D96C7065-9912-484B-AEF2-494AA566DB62}.Release|Any CPU.ActiveCfg = Release|Any CPU
		{D96C7065-9912-484B-AEF2-494AA566DB62}.Release|Any CPU.Build.0 = Release|Any CPU
		{D216F772-2847-4D1E-B4F9-D92C500FAA59}.Debug|Any CPU.ActiveCfg = Debug|Any CPU
		{D216F772-2847-4D1E-B4F9-D92C500FAA59}.Debug|Any CPU.Build.0 = Debug|Any CPU
		{D216F772-2847-4D1E-B4F9-D92C500FAA59}.Release|Any CPU.ActiveCfg = Release|Any CPU
		{D216F772-2847-4D1E-B4F9-D92C500FAA59}.Release|Any CPU.Build.0 = Release|Any CPU
		{31D4888F-1AB9-4DFE-AB72-ED0B71E73311}.Debug|Any CPU.ActiveCfg = Debug|Any CPU
		{31D4888F-1AB9-4DFE-AB72-ED0B71E73311}.Debug|Any CPU.Build.0 = Debug|Any CPU
		{31D4888F-1AB9-4DFE-AB72-ED0B71E73311}.Release|Any CPU.ActiveCfg = Release|Any CPU
		{31D4888F-1AB9-4DFE-AB72-ED0B71E73311}.Release|Any CPU.Build.0 = Release|Any CPU
		{EE9F6091-31BD-429D-BA8F-A223EAF9D0C1}.Debug|Any CPU.ActiveCfg = Debug|Any CPU
		{EE9F6091-31BD-429D-BA8F-A223EAF9D0C1}.Debug|Any CPU.Build.0 = Debug|Any CPU
		{EE9F6091-31BD-429D-BA8F-A223EAF9D0C1}.Release|Any CPU.ActiveCfg = Release|Any CPU
		{EE9F6091-31BD-429D-BA8F-A223EAF9D0C1}.Release|Any CPU.Build.0 = Release|Any CPU
		{8CFF170E-E910-47A1-9BF0-63D3ECAF19C3}.Debug|Any CPU.ActiveCfg = Debug|Any CPU
		{8CFF170E-E910-47A1-9BF0-63D3ECAF19C3}.Debug|Any CPU.Build.0 = Debug|Any CPU
		{8CFF170E-E910-47A1-9BF0-63D3ECAF19C3}.Release|Any CPU.ActiveCfg = Release|Any CPU
		{8CFF170E-E910-47A1-9BF0-63D3ECAF19C3}.Release|Any CPU.Build.0 = Release|Any CPU
		{A42D9089-BA88-4BA7-82B4-F3094EDF10EC}.Debug|Any CPU.ActiveCfg = Debug|Any CPU
		{A42D9089-BA88-4BA7-82B4-F3094EDF10EC}.Debug|Any CPU.Build.0 = Debug|Any CPU
		{A42D9089-BA88-4BA7-82B4-F3094EDF10EC}.Release|Any CPU.ActiveCfg = Release|Any CPU
		{A42D9089-BA88-4BA7-82B4-F3094EDF10EC}.Release|Any CPU.Build.0 = Release|Any CPU
		{45142CDE-CC59-48B5-B230-ECD30CE5B2CC}.Debug|Any CPU.ActiveCfg = Debug|Any CPU
		{45142CDE-CC59-48B5-B230-ECD30CE5B2CC}.Debug|Any CPU.Build.0 = Debug|Any CPU
		{45142CDE-CC59-48B5-B230-ECD30CE5B2CC}.Release|Any CPU.ActiveCfg = Release|Any CPU
		{45142CDE-CC59-48B5-B230-ECD30CE5B2CC}.Release|Any CPU.Build.0 = Release|Any CPU
		{451FE6F5-B4FC-49E4-B5EA-1E77B4F37BDC}.Debug|Any CPU.ActiveCfg = Debug|Any CPU
		{451FE6F5-B4FC-49E4-B5EA-1E77B4F37BDC}.Debug|Any CPU.Build.0 = Debug|Any CPU
		{451FE6F5-B4FC-49E4-B5EA-1E77B4F37BDC}.Release|Any CPU.ActiveCfg = Release|Any CPU
		{451FE6F5-B4FC-49E4-B5EA-1E77B4F37BDC}.Release|Any CPU.Build.0 = Release|Any CPU
		{03FDA280-9413-4097-90A7-22D1D2BDA4AD}.Debug|Any CPU.ActiveCfg = Debug|Any CPU
		{03FDA280-9413-4097-90A7-22D1D2BDA4AD}.Debug|Any CPU.Build.0 = Debug|Any CPU
		{03FDA280-9413-4097-90A7-22D1D2BDA4AD}.Release|Any CPU.ActiveCfg = Release|Any CPU
		{03FDA280-9413-4097-90A7-22D1D2BDA4AD}.Release|Any CPU.Build.0 = Release|Any CPU
		{0961D335-CFBB-4DA5-90E4-A8F405315261}.Debug|Any CPU.ActiveCfg = Debug|Any CPU
		{0961D335-CFBB-4DA5-90E4-A8F405315261}.Debug|Any CPU.Build.0 = Debug|Any CPU
		{0961D335-CFBB-4DA5-90E4-A8F405315261}.Release|Any CPU.ActiveCfg = Release|Any CPU
		{0961D335-CFBB-4DA5-90E4-A8F405315261}.Release|Any CPU.Build.0 = Release|Any CPU
		{8F1D06E1-DBA0-4AF9-976C-F2112568529D}.Debug|Any CPU.ActiveCfg = Debug|Any CPU
		{8F1D06E1-DBA0-4AF9-976C-F2112568529D}.Debug|Any CPU.Build.0 = Debug|Any CPU
		{8F1D06E1-DBA0-4AF9-976C-F2112568529D}.Release|Any CPU.ActiveCfg = Release|Any CPU
		{8F1D06E1-DBA0-4AF9-976C-F2112568529D}.Release|Any CPU.Build.0 = Release|Any CPU
		{C1F1AF3D-6BE1-4103-8B33-440917BCAEA4}.Debug|Any CPU.ActiveCfg = Debug|Any CPU
		{C1F1AF3D-6BE1-4103-8B33-440917BCAEA4}.Debug|Any CPU.Build.0 = Debug|Any CPU
		{C1F1AF3D-6BE1-4103-8B33-440917BCAEA4}.Release|Any CPU.ActiveCfg = Release|Any CPU
		{C1F1AF3D-6BE1-4103-8B33-440917BCAEA4}.Release|Any CPU.Build.0 = Release|Any CPU
		{F279AA52-D6A8-4299-8665-71B3B5DE35FA}.Debug|Any CPU.ActiveCfg = Debug|Any CPU
		{F279AA52-D6A8-4299-8665-71B3B5DE35FA}.Debug|Any CPU.Build.0 = Debug|Any CPU
		{F279AA52-D6A8-4299-8665-71B3B5DE35FA}.Release|Any CPU.ActiveCfg = Release|Any CPU
		{F279AA52-D6A8-4299-8665-71B3B5DE35FA}.Release|Any CPU.Build.0 = Release|Any CPU
		{B53FFC1E-F547-4C6D-AB4B-3617DD76CA43}.Debug|Any CPU.ActiveCfg = Debug|Any CPU
		{B53FFC1E-F547-4C6D-AB4B-3617DD76CA43}.Debug|Any CPU.Build.0 = Debug|Any CPU
		{B53FFC1E-F547-4C6D-AB4B-3617DD76CA43}.Release|Any CPU.ActiveCfg = Release|Any CPU
		{B53FFC1E-F547-4C6D-AB4B-3617DD76CA43}.Release|Any CPU.Build.0 = Release|Any CPU
		{99D02672-4A2D-4557-913C-99CFDC35262F}.Debug|Any CPU.ActiveCfg = Debug|Any CPU
		{99D02672-4A2D-4557-913C-99CFDC35262F}.Debug|Any CPU.Build.0 = Debug|Any CPU
		{99D02672-4A2D-4557-913C-99CFDC35262F}.Release|Any CPU.ActiveCfg = Release|Any CPU
		{99D02672-4A2D-4557-913C-99CFDC35262F}.Release|Any CPU.Build.0 = Release|Any CPU
		{5794F592-A7DC-4E3B-8BB3-11FD5B2DD6C9}.Debug|Any CPU.ActiveCfg = Debug|Any CPU
		{5794F592-A7DC-4E3B-8BB3-11FD5B2DD6C9}.Debug|Any CPU.Build.0 = Debug|Any CPU
		{5794F592-A7DC-4E3B-8BB3-11FD5B2DD6C9}.Release|Any CPU.ActiveCfg = Release|Any CPU
		{5794F592-A7DC-4E3B-8BB3-11FD5B2DD6C9}.Release|Any CPU.Build.0 = Release|Any CPU
		{95B294BB-1457-48E1-BD6D-74106046FE97}.Debug|Any CPU.ActiveCfg = Debug|Any CPU
		{95B294BB-1457-48E1-BD6D-74106046FE97}.Debug|Any CPU.Build.0 = Debug|Any CPU
		{95B294BB-1457-48E1-BD6D-74106046FE97}.Release|Any CPU.ActiveCfg = Release|Any CPU
		{95B294BB-1457-48E1-BD6D-74106046FE97}.Release|Any CPU.Build.0 = Release|Any CPU
		{E946A3E5-C0B3-4903-AE81-A14DAD8FAE11}.Debug|Any CPU.ActiveCfg = Debug|Any CPU
		{E946A3E5-C0B3-4903-AE81-A14DAD8FAE11}.Debug|Any CPU.Build.0 = Debug|Any CPU
		{E946A3E5-C0B3-4903-AE81-A14DAD8FAE11}.Release|Any CPU.ActiveCfg = Release|Any CPU
		{E946A3E5-C0B3-4903-AE81-A14DAD8FAE11}.Release|Any CPU.Build.0 = Release|Any CPU
		{3B72D9FC-A538-4940-A63D-BF7230997265}.Debug|Any CPU.ActiveCfg = Debug|Any CPU
		{3B72D9FC-A538-4940-A63D-BF7230997265}.Debug|Any CPU.Build.0 = Debug|Any CPU
		{3B72D9FC-A538-4940-A63D-BF7230997265}.Release|Any CPU.ActiveCfg = Release|Any CPU
		{3B72D9FC-A538-4940-A63D-BF7230997265}.Release|Any CPU.Build.0 = Release|Any CPU
		{A9C762DF-D80A-4F70-81B6-A80BAE3ACAFE}.Debug|Any CPU.ActiveCfg = Debug|Any CPU
		{A9C762DF-D80A-4F70-81B6-A80BAE3ACAFE}.Debug|Any CPU.Build.0 = Debug|Any CPU
		{A9C762DF-D80A-4F70-81B6-A80BAE3ACAFE}.Release|Any CPU.ActiveCfg = Release|Any CPU
		{A9C762DF-D80A-4F70-81B6-A80BAE3ACAFE}.Release|Any CPU.Build.0 = Release|Any CPU
		{2E017195-B024-4C76-B5DD-FBE86B0BFBB4}.Debug|Any CPU.ActiveCfg = Debug|Any CPU
		{2E017195-B024-4C76-B5DD-FBE86B0BFBB4}.Debug|Any CPU.Build.0 = Debug|Any CPU
		{2E017195-B024-4C76-B5DD-FBE86B0BFBB4}.Release|Any CPU.ActiveCfg = Release|Any CPU
		{2E017195-B024-4C76-B5DD-FBE86B0BFBB4}.Release|Any CPU.Build.0 = Release|Any CPU
		{8F396A83-8AC8-410F-AD7A-38B4305FC3C2}.Debug|Any CPU.ActiveCfg = Debug|Any CPU
		{8F396A83-8AC8-410F-AD7A-38B4305FC3C2}.Debug|Any CPU.Build.0 = Debug|Any CPU
		{8F396A83-8AC8-410F-AD7A-38B4305FC3C2}.Release|Any CPU.ActiveCfg = Release|Any CPU
		{8F396A83-8AC8-410F-AD7A-38B4305FC3C2}.Release|Any CPU.Build.0 = Release|Any CPU
		{0F454859-84F4-47E3-A37B-7BAFEF9B8056}.Debug|Any CPU.ActiveCfg = Debug|Any CPU
		{0F454859-84F4-47E3-A37B-7BAFEF9B8056}.Debug|Any CPU.Build.0 = Debug|Any CPU
		{0F454859-84F4-47E3-A37B-7BAFEF9B8056}.Release|Any CPU.ActiveCfg = Release|Any CPU
		{0F454859-84F4-47E3-A37B-7BAFEF9B8056}.Release|Any CPU.Build.0 = Release|Any CPU
		{B9D9C8A8-19E1-496E-955F-CC932B58D8E0}.Debug|Any CPU.ActiveCfg = Debug|Any CPU
		{B9D9C8A8-19E1-496E-955F-CC932B58D8E0}.Debug|Any CPU.Build.0 = Debug|Any CPU
		{B9D9C8A8-19E1-496E-955F-CC932B58D8E0}.Release|Any CPU.ActiveCfg = Release|Any CPU
		{B9D9C8A8-19E1-496E-955F-CC932B58D8E0}.Release|Any CPU.Build.0 = Release|Any CPU
		{E73F3F41-F0B2-46B6-ABD6-18D0F031B654}.Debug|Any CPU.ActiveCfg = Debug|Any CPU
		{E73F3F41-F0B2-46B6-ABD6-18D0F031B654}.Debug|Any CPU.Build.0 = Debug|Any CPU
		{E73F3F41-F0B2-46B6-ABD6-18D0F031B654}.Release|Any CPU.ActiveCfg = Release|Any CPU
		{E73F3F41-F0B2-46B6-ABD6-18D0F031B654}.Release|Any CPU.Build.0 = Release|Any CPU
		{A6FE8615-0B73-4B4D-93A2-4578ED06A6E9}.Debug|Any CPU.ActiveCfg = Debug|Any CPU
		{A6FE8615-0B73-4B4D-93A2-4578ED06A6E9}.Debug|Any CPU.Build.0 = Debug|Any CPU
		{A6FE8615-0B73-4B4D-93A2-4578ED06A6E9}.Release|Any CPU.ActiveCfg = Release|Any CPU
		{A6FE8615-0B73-4B4D-93A2-4578ED06A6E9}.Release|Any CPU.Build.0 = Release|Any CPU
		{26992AD9-6844-4EB3-AD3D-8F4CB181794F}.Debug|Any CPU.ActiveCfg = Debug|Any CPU
		{26992AD9-6844-4EB3-AD3D-8F4CB181794F}.Debug|Any CPU.Build.0 = Debug|Any CPU
		{26992AD9-6844-4EB3-AD3D-8F4CB181794F}.Release|Any CPU.ActiveCfg = Release|Any CPU
		{26992AD9-6844-4EB3-AD3D-8F4CB181794F}.Release|Any CPU.Build.0 = Release|Any CPU
		{7BA75FA2-4B3E-4B67-8E42-D06D6CF7501D}.Debug|Any CPU.ActiveCfg = Debug|Any CPU
		{7BA75FA2-4B3E-4B67-8E42-D06D6CF7501D}.Debug|Any CPU.Build.0 = Debug|Any CPU
		{7BA75FA2-4B3E-4B67-8E42-D06D6CF7501D}.Release|Any CPU.ActiveCfg = Release|Any CPU
		{7BA75FA2-4B3E-4B67-8E42-D06D6CF7501D}.Release|Any CPU.Build.0 = Release|Any CPU
		{A4B0D5AE-B41A-475C-A9BA-272824C3D3D0}.Debug|Any CPU.ActiveCfg = Debug|Any CPU
		{A4B0D5AE-B41A-475C-A9BA-272824C3D3D0}.Debug|Any CPU.Build.0 = Debug|Any CPU
		{A4B0D5AE-B41A-475C-A9BA-272824C3D3D0}.Release|Any CPU.ActiveCfg = Release|Any CPU
		{A4B0D5AE-B41A-475C-A9BA-272824C3D3D0}.Release|Any CPU.Build.0 = Release|Any CPU
	EndGlobalSection
	GlobalSection(SolutionProperties) = preSolution
		HideSolutionNode = FALSE
	EndGlobalSection
	GlobalSection(NestedProjects) = preSolution
		{1E989307-7323-412E-A079-CD1B80BE935E} = {52B11289-9402-4058-AF29-91E4E8FFEE10}
		{A58F89C9-EEAE-4378-AE0C-3DA488AB4961} = {52B11289-9402-4058-AF29-91E4E8FFEE10}
		{D981384E-674E-48A9-B19A-60AA0BB36D36} = {52B11289-9402-4058-AF29-91E4E8FFEE10}
		{09FA56F8-8EE2-4604-B0BC-619B9A3B6612} = {52B11289-9402-4058-AF29-91E4E8FFEE10}
		{66C33EB8-75AF-486B-A4DD-C6E8311E4A7D} = {52B11289-9402-4058-AF29-91E4E8FFEE10}
		{98896482-66FD-48F4-8D62-17963C2D0265} = {7EDD5F87-B4D5-4570-B9DD-9134C0CEB0DA}
		{7037C82B-B557-4F92-85D6-FE77243ACB3F} = {7EDD5F87-B4D5-4570-B9DD-9134C0CEB0DA}
		{F753A311-B9FD-43D5-8F2F-B1430055BC6F} = {7EDD5F87-B4D5-4570-B9DD-9134C0CEB0DA}
		{CFC98613-3C4E-4664-AE9A-C5CD56D3F963} = {7EDD5F87-B4D5-4570-B9DD-9134C0CEB0DA}
		{4B67EDF8-1984-40D0-AEDD-332D2462EC4E} = {7EDD5F87-B4D5-4570-B9DD-9134C0CEB0DA}
		{15ECFE5F-DA0B-48BC-B07A-5BB0ACD9C14E} = {7EDD5F87-B4D5-4570-B9DD-9134C0CEB0DA}
		{75031C15-C3E5-4C3B-840F-4792C4B2DE76} = {7EDD5F87-B4D5-4570-B9DD-9134C0CEB0DA}
		{728E2CFD-0909-4FF5-89A9-5700097DD61D} = {7EDD5F87-B4D5-4570-B9DD-9134C0CEB0DA}
		{1E038EE0-7923-4A62-AB2D-63017032C0AB} = {7EDD5F87-B4D5-4570-B9DD-9134C0CEB0DA}
		{095BC527-7231-4AD1-8340-38C773EDDFBB} = {7EDD5F87-B4D5-4570-B9DD-9134C0CEB0DA}
		{3F5F3583-BEB4-4D8D-B6D7-A7DE9987F5F6} = {3BCC5A27-B069-49AC-9307-95BA5BE3575E}
		{082E5C1A-894E-4D5E-809B-E4988927F8E9} = {3BCC5A27-B069-49AC-9307-95BA5BE3575E}
		{1F769FD8-C90C-455B-9899-E1BBC97A1CC8} = {3BCC5A27-B069-49AC-9307-95BA5BE3575E}
		{19C8E364-6A88-4F3D-A118-44290A3DFC58} = {3BCC5A27-B069-49AC-9307-95BA5BE3575E}
		{744261A6-C44B-44CB-B160-E5565D11FEA9} = {3BCC5A27-B069-49AC-9307-95BA5BE3575E}
		{72E960D7-7BB7-409D-8E8D-7EC53B81D514} = {3BCC5A27-B069-49AC-9307-95BA5BE3575E}
		{588FD71C-2DB7-478D-BD38-DE2F17641F10} = {3BCC5A27-B069-49AC-9307-95BA5BE3575E}
		{26B1A392-42A7-4647-B85D-30B7C4D700EC} = {3BCC5A27-B069-49AC-9307-95BA5BE3575E}
		{6B682F3C-3D08-4AAF-A83A-45005F4FC320} = {3BCC5A27-B069-49AC-9307-95BA5BE3575E}
		{D38F87D1-7E69-4D64-BB1C-54FA929C45A1} = {408C5AD6-F536-4DD0-B6BA-08C451A981FC}
		{0817EAAB-41ED-412A-84FD-B64A1022F1FF} = {408C5AD6-F536-4DD0-B6BA-08C451A981FC}
		{3A6AC68E-9C7A-4429-A931-6E11AEDA1CA9} = {408C5AD6-F536-4DD0-B6BA-08C451A981FC}
		{E38B5711-1373-4D26-9B07-E38493D15D87} = {408C5AD6-F536-4DD0-B6BA-08C451A981FC}
		{6BA3E96B-8D55-4B0D-8852-079A05FC73E0} = {408C5AD6-F536-4DD0-B6BA-08C451A981FC}
		{442CB707-721B-45A8-880D-883B536C572F} = {408C5AD6-F536-4DD0-B6BA-08C451A981FC}
		{9AD2AB6D-95F3-4917-A29C-EC34D4B76185} = {408C5AD6-F536-4DD0-B6BA-08C451A981FC}
		{E3CF1BDC-94DD-4F9E-B293-2FB378ED25D1} = {96F64C5E-4DA3-4143-8DE2-02E27EA1385B}
		{2F1F48FE-6F2E-4E71-9432-5F4B4FC36967} = {96F64C5E-4DA3-4143-8DE2-02E27EA1385B}
		{4825DDE4-0C80-409B-A9DC-35EDF77619C8} = {96F64C5E-4DA3-4143-8DE2-02E27EA1385B}
		{8F4F308E-71A2-45EB-84E6-A59BA6B0528F} = {96F64C5E-4DA3-4143-8DE2-02E27EA1385B}
		{DAE1ACE5-01B2-442A-A991-ED9A2F88A1EC} = {96F64C5E-4DA3-4143-8DE2-02E27EA1385B}
		{BE959C24-FC2C-4A72-9FD3-B67046732BCA} = {C5A8C882-3180-4CE2-8A50-ACE753B72D91}
		{13ABF2FE-3F3E-4F64-B2EB-27C80F90A19D} = {C5A8C882-3180-4CE2-8A50-ACE753B72D91}
		{ABFDDFA3-C80F-4E05-8AF4-F3A77E01D8C2} = {C5A8C882-3180-4CE2-8A50-ACE753B72D91}
		{F18344ED-DDD9-492B-9E2A-119289E10BE9} = {C5A8C882-3180-4CE2-8A50-ACE753B72D91}
		{E7AA9F03-4632-41B8-AD80-DD14B60B7D6F} = {C5A8C882-3180-4CE2-8A50-ACE753B72D91}
		{E2A4038C-EED7-4762-81D3-60ED43D774ED} = {C5A8C882-3180-4CE2-8A50-ACE753B72D91}
		{A482CD79-717F-48DD-8318-12F9A277C176} = {C5A8C882-3180-4CE2-8A50-ACE753B72D91}
		{996A2477-170A-4D01-B581-E2C510DBAF3D} = {53A618F0-42B2-404E-99D3-93C9D4732126}
		{907CE934-C323-4B1C-BF9E-23A9932B2EB6} = {53A618F0-42B2-404E-99D3-93C9D4732126}
		{16047741-87C3-4844-84E4-A16F4840EC6E} = {53A618F0-42B2-404E-99D3-93C9D4732126}
		{429361D9-A0B6-42C3-9C22-24AD2F440C1F} = {52B11289-9402-4058-AF29-91E4E8FFEE10}
		{D96C7065-9912-484B-AEF2-494AA566DB62} = {53A618F0-42B2-404E-99D3-93C9D4732126}
		{D216F772-2847-4D1E-B4F9-D92C500FAA59} = {53A618F0-42B2-404E-99D3-93C9D4732126}
		{31D4888F-1AB9-4DFE-AB72-ED0B71E73311} = {53A618F0-42B2-404E-99D3-93C9D4732126}
		{EE9F6091-31BD-429D-BA8F-A223EAF9D0C1} = {53A618F0-42B2-404E-99D3-93C9D4732126}
		{8CFF170E-E910-47A1-9BF0-63D3ECAF19C3} = {53A618F0-42B2-404E-99D3-93C9D4732126}
		{A42D9089-BA88-4BA7-82B4-F3094EDF10EC} = {2CF723EE-F7A0-4836-B300-CC65DCA013DC}
		{45142CDE-CC59-48B5-B230-ECD30CE5B2CC} = {2CF723EE-F7A0-4836-B300-CC65DCA013DC}
		{451FE6F5-B4FC-49E4-B5EA-1E77B4F37BDC} = {2CF723EE-F7A0-4836-B300-CC65DCA013DC}
		{03FDA280-9413-4097-90A7-22D1D2BDA4AD} = {1FF2627F-C004-47EB-BCD4-5B14DE5DCE73}
		{0961D335-CFBB-4DA5-90E4-A8F405315261} = {1FF2627F-C004-47EB-BCD4-5B14DE5DCE73}
		{8F1D06E1-DBA0-4AF9-976C-F2112568529D} = {1FF2627F-C004-47EB-BCD4-5B14DE5DCE73}
		{C1F1AF3D-6BE1-4103-8B33-440917BCAEA4} = {81E1B2A9-AE6B-4BD1-A030-36D138433EB3}
		{F279AA52-D6A8-4299-8665-71B3B5DE35FA} = {81E1B2A9-AE6B-4BD1-A030-36D138433EB3}
		{B53FFC1E-F547-4C6D-AB4B-3617DD76CA43} = {81E1B2A9-AE6B-4BD1-A030-36D138433EB3}
		{99D02672-4A2D-4557-913C-99CFDC35262F} = {81E1B2A9-AE6B-4BD1-A030-36D138433EB3}
		{5794F592-A7DC-4E3B-8BB3-11FD5B2DD6C9} = {81E1B2A9-AE6B-4BD1-A030-36D138433EB3}
		{95B294BB-1457-48E1-BD6D-74106046FE97} = {81E1B2A9-AE6B-4BD1-A030-36D138433EB3}
		{E946A3E5-C0B3-4903-AE81-A14DAD8FAE11} = {276D897D-A21A-46B6-A942-E2F81D04F195}
		{3B72D9FC-A538-4940-A63D-BF7230997265} = {276D897D-A21A-46B6-A942-E2F81D04F195}
		{A9C762DF-D80A-4F70-81B6-A80BAE3ACAFE} = {276D897D-A21A-46B6-A942-E2F81D04F195}
		{2E017195-B024-4C76-B5DD-FBE86B0BFBB4} = {276D897D-A21A-46B6-A942-E2F81D04F195}
		{8F396A83-8AC8-410F-AD7A-38B4305FC3C2} = {276D897D-A21A-46B6-A942-E2F81D04F195}
		{0F454859-84F4-47E3-A37B-7BAFEF9B8056} = {276D897D-A21A-46B6-A942-E2F81D04F195}
		{B9D9C8A8-19E1-496E-955F-CC932B58D8E0} = {276D897D-A21A-46B6-A942-E2F81D04F195}
		{E73F3F41-F0B2-46B6-ABD6-18D0F031B654} = {276D897D-A21A-46B6-A942-E2F81D04F195}
		{A6FE8615-0B73-4B4D-93A2-4578ED06A6E9} = {276D897D-A21A-46B6-A942-E2F81D04F195}
		{26992AD9-6844-4EB3-AD3D-8F4CB181794F} = {276D897D-A21A-46B6-A942-E2F81D04F195}
		{7BA75FA2-4B3E-4B67-8E42-D06D6CF7501D} = {276D897D-A21A-46B6-A942-E2F81D04F195}
		{A4B0D5AE-B41A-475C-A9BA-272824C3D3D0} = {276D897D-A21A-46B6-A942-E2F81D04F195}
	EndGlobalSection
	GlobalSection(ExtensibilityGlobals) = postSolution
		SolutionGuid = {241DB7F2-9110-41D1-A023-63D6FC4BF6A6}
	EndGlobalSection
EndGlobal
